
Microsoft Visual Studio Solution File, Format Version 12.00
# Visual Studio Version 17
VisualStudioVersion = 17.14.36202.13 d17.14
MinimumVisualStudioVersion = 10.0.40219.1
Project("{FAE04EC0-301F-11D3-BF4B-00C04F79EFBC}") = "TestApp", "TestApp\TestApp.csproj", "{BE5C7E45-1DC4-459E-A958-FB50570B70AD}"
EndProject
Global
	GlobalSection(SolutionConfigurationPlatforms) = preSolution
		Debug|Any CPU = Debug|Any CPU
		Release|Any CPU = Release|Any CPU
	EndGlobalSection
	GlobalSection(ProjectConfigurationPlatforms) = postSolution
		{BE5C7E45-1DC4-459E-A958-FB50570B70AD}.Debug|Any CPU.ActiveCfg = Debug|Any CPU
		{BE5C7E45-1DC4-459E-A958-FB50570B70AD}.Debug|Any CPU.Build.0 = Debug|Any CPU
		{BE5C7E45-1DC4-459E-A958-FB50570B70AD}.Debug|Any CPU.Deploy.0 = Debug|Any CPU
		{BE5C7E45-1DC4-459E-A958-FB50570B70AD}.Release|Any CPU.ActiveCfg = Release|Any CPU
		{BE5C7E45-1DC4-459E-A958-FB50570B70AD}.Release|Any CPU.Build.0 = Release|Any CPU
		{BE5C7E45-1DC4-459E-A958-FB50570B70AD}.Release|Any CPU.Deploy.0 = Release|Any CPU
	EndGlobalSection
	GlobalSection(SolutionProperties) = preSolution
		HideSolutionNode = FALSE
	EndGlobalSection
	GlobalSection(ExtensibilityGlobals) = postSolution
		SolutionGuid = {99B8B3EC-8D40-434E-BEFC-57092B6A4270}
	EndGlobalSection
EndGlobal
